
Microsoft Visual Studio Solution File, Format Version 12.00
# Visual Studio 2012
Project("{2150E333-8FDC-42A3-9474-1A3956D46DE8}") = "Modules", "Modules", "{83397C74-DFDC-4858-AF1C-A08A79A6163F}"
EndProject
Project("{2150E333-8FDC-42A3-9474-1A3956D46DE8}") = "Interfaces", "Interfaces", "{1328BC1D-641B-4A9A-9FDD-B25F331C3119}"
EndProject
Project("{2150E333-8FDC-42A3-9474-1A3956D46DE8}") = "Commons", "Commons", "{68664239-6960-4960-81CF-94513BFE4038}"
EndProject
Project("{FAE04EC0-301F-11D3-BF4B-00C04F79EFBC}") = "CMS.Common.Configuration", "CMS.Commons\CMS.Common.Configuration\CMS.Common.Configuration.csproj", "{F88C9D43-CB0F-4C26-8BF8-38DC516BC9B5}"
EndProject
Project("{FAE04EC0-301F-11D3-BF4B-00C04F79EFBC}") = "CMS.Common.Controller", "CMS.Commons\CMS.Common.Controller\CMS.Common.Controller.csproj", "{C96B6CBD-601E-4BDB-A3F9-F16C22C748B8}"
EndProject
Project("{FAE04EC0-301F-11D3-BF4B-00C04F79EFBC}") = "CMS.Common.Database", "CMS.Commons\CMS.Common.Database\CMS.Common.Database.csproj", "{5C68D8A3-B000-483F-8A51-EC919F45FC9C}"
EndProject
Project("{FAE04EC0-301F-11D3-BF4B-00C04F79EFBC}") = "CMS.Common.Log", "CMS.Commons\CMS.Common.Log\CMS.Common.Log.csproj", "{26D35185-E00B-4333-8EFE-89C27D14E082}"
EndProject
Project("{FAE04EC0-301F-11D3-BF4B-00C04F79EFBC}") = "CMS.Common.Model", "CMS.Commons\CMS.Common.Model\CMS.Common.Model.csproj", "{ED9F07B0-0A53-40AC-9D05-95CB6AB65773}"
EndProject
Project("{FAE04EC0-301F-11D3-BF4B-00C04F79EFBC}") = "CMS.Module.Login", "CMS.Modules\CMS.Modules.Login\CMS.Module.Login.csproj", "{4866501C-54B4-4C35-9756-F7A414E537D1}"
EndProject
Project("{FAE04EC0-301F-11D3-BF4B-00C04F79EFBC}") = "CMS.Common.ViewResult", "CMS.Commons\CMS.Common.ViewResult\CMS.Common.ViewResult.csproj", "{333D1887-9CF0-4791-A5D0-4DD66CDFFFA9}"
EndProject
Project("{FAE04EC0-301F-11D3-BF4B-00C04F79EFBC}") = "CMS.Interface.Model", "CMS.Interfaces\CMS.Interface.Model\CMS.Interface.Model.csproj", "{77B7442E-3021-42C9-88EE-70D3ABAA3424}"
EndProject
Project("{FAE04EC0-301F-11D3-BF4B-00C04F79EFBC}") = "CMS.Interface.Controller", "CMS.Interfaces\CMS.Interface.Controller\CMS.Interface.Controller.csproj", "{6DC17BA3-C204-40C2-A9B7-93133E0DB708}"
EndProject
Project("{FAE04EC0-301F-11D3-BF4B-00C04F79EFBC}") = "CMS.Interface.Module", "CMS.Interface.Module\CMS.Interface.Module.csproj", "{2AE3E6A3-9800-4CC5-98AC-D4E3F8CDD5DE}"
EndProject
Project("{FAE04EC0-301F-11D3-BF4B-00C04F79EFBC}") = "CMS.Common.Utility", "CMS.Common.Utility\CMS.Common.Utility.csproj", "{58C948E7-88EE-4629-AFB7-7898EF7E9B39}"
EndProject
Project("{FAE04EC0-301F-11D3-BF4B-00C04F79EFBC}") = "CMS.Common.Route", "CMS.Common.Route\CMS.Common.Route.csproj", "{44D046BE-FB8F-4311-8912-B83EBCB72548}"
EndProject
Project("{FAE04EC0-301F-11D3-BF4B-00C04F79EFBC}") = "CMS.Module.Security", "CMS.Module.Security\CMS.Module.Security.csproj", "{E6F66DC0-934D-49D4-A380-A26955DEE1D8}"
EndProject
Project("{FAE04EC0-301F-11D3-BF4B-00C04F79EFBC}") = "CMS.Module.Printer", "CMS.Module.Printer\CMS.Module.Printer.csproj", "{2E761CB6-0265-46CB-A7FE-F34E42A61B36}"
EndProject
Project("{FAE04EC0-301F-11D3-BF4B-00C04F79EFBC}") = "CMS.Module.Upgrade", "CMS.Module.Upgrade\CMS.Module.Upgrade.csproj", "{B7B8571F-E383-4EE1-9FCE-207054C46883}"
EndProject
Project("{FAE04EC0-301F-11D3-BF4B-00C04F79EFBC}") = "CMS.Module.Logger", "CMS.Module.Logger\CMS.Module.Logger.csproj", "{A41D5EFC-796D-462B-864C-326D4825C46F}"
EndProject
Project("{FAE04EC0-301F-11D3-BF4B-00C04F79EFBC}") = "CMS.Module.Calculator", "CMS.Module.Calculator\CMS.Module.Calculator.csproj", "{38C1F2D6-E4B5-4446-AE56-A04058129355}"
EndProject
Project("{FAE04EC0-301F-11D3-BF4B-00C04F79EFBC}") = "CMS.Module.Shell", "CMS.Module.Shell\CMS.Module.Shell.csproj", "{501E3B09-9450-4FB7-A947-7A755AA4466C}"
EndProject
Project("{FAE04EC0-301F-11D3-BF4B-00C04F79EFBC}") = "CMS.Module.Configuration", "CMS.Module.Configuration\CMS.Module.Configuration.csproj", "{F8262DEE-F763-4B52-852A-69E65C3B08F2}"
EndProject
Project("{2150E333-8FDC-42A3-9474-1A3956D46DE8}") = "WinForms", "WinForms", "{39EE10D4-61EA-4D18-BD4C-B66DA0FA5EAE}"
EndProject
Project("{2150E333-8FDC-42A3-9474-1A3956D46DE8}") = "UnitTest", "UnitTest", "{608A8CF4-F1DC-42BC-87A7-2690155B5367}"
EndProject
Project("{FAE04EC0-301F-11D3-BF4B-00C04F79EFBC}") = "CMS.UnitTest.Controller", "CMS.UnitTest.Controller\CMS.UnitTest.Controller.csproj", "{90489810-A86F-45FA-86E3-6148F4111967}"
EndProject
Project("{FAE04EC0-301F-11D3-BF4B-00C04F79EFBC}") = "CMS.UnitTest.Database", "CMS.UnitTest.Database\CMS.UnitTest.Database.csproj", "{2A22A717-FA69-4B82-82BA-012B9A97236C}"
EndProject
Project("{FAE04EC0-301F-11D3-BF4B-00C04F79EFBC}") = "CMS.UnitTest.Utility", "CMS.UnitTest.Utility\CMS.UnitTest.Utility.csproj", "{923B1A3A-151A-4528-9FF1-F323503F8331}"
EndProject
Project("{FAE04EC0-301F-11D3-BF4B-00C04F79EFBC}") = "CMS.WinForms.OSK", "CMS.Winforms\CMS.Winforms.OSK\CMS.WinForms.OSK.csproj", "{D91501B8-CCE6-4D18-AF77-68D6CCEF9FB5}"
EndProject
Project("{FAE04EC0-301F-11D3-BF4B-00C04F79EFBC}") = "CMS.ICardIneterface", "CMS.WinForms\CMS.ICardIneterface\mwrf_test\mwrf_test\CMS.ICardIneterface.csproj", "{45688F55-F315-4622-AE3D-6FFB0D56219C}"
EndProject
Project("{FAE04EC0-301F-11D3-BF4B-00C04F79EFBC}") = "CMS.Module.CardMachine", "CMS.Module.CardMachine\CMS.Module.CardMachine.csproj", "{4B10C715-4987-4826-85CF-7F19747E8B6C}"
EndProject
Project("{FAE04EC0-301F-11D3-BF4B-00C04F79EFBC}") = "OOSDishesSet", "CMS.WinForms\CMS.OOSDishesSet\OOSDishesSet.csproj", "{71B0F691-5A0A-483F-8294-79B12804E3C4}"
EndProject
Project("{FAE04EC0-301F-11D3-BF4B-00C04F79EFBC}") = "CMS.Restaurant.Management", "CMS.WinForms\CMS.Restaurant.Management\CMS.Restaurant.Management.csproj", "{7149BF55-DF07-443D-B1AB-F98940D62CFE}"
EndProject
Project("{FAE04EC0-301F-11D3-BF4B-00C04F79EFBC}") = "CMS.Restaurant.Client", "CMS.WinForms\CMS.Restaurant.Client\CMS.Restaurant.Client.csproj", "{8B2D27BA-E7C8-4B76-815D-D1F82F0AAB53}"
EndProject
Global
	GlobalSection(SolutionConfigurationPlatforms) = preSolution
		Debug|Any CPU = Debug|Any CPU
		Release|Any CPU = Release|Any CPU
	EndGlobalSection
	GlobalSection(ProjectConfigurationPlatforms) = postSolution
		{F88C9D43-CB0F-4C26-8BF8-38DC516BC9B5}.Debug|Any CPU.ActiveCfg = Debug|Any CPU
		{F88C9D43-CB0F-4C26-8BF8-38DC516BC9B5}.Debug|Any CPU.Build.0 = Debug|Any CPU
		{F88C9D43-CB0F-4C26-8BF8-38DC516BC9B5}.Release|Any CPU.ActiveCfg = Release|Any CPU
		{F88C9D43-CB0F-4C26-8BF8-38DC516BC9B5}.Release|Any CPU.Build.0 = Release|Any CPU
		{C96B6CBD-601E-4BDB-A3F9-F16C22C748B8}.Debug|Any CPU.ActiveCfg = Debug|Any CPU
		{C96B6CBD-601E-4BDB-A3F9-F16C22C748B8}.Debug|Any CPU.Build.0 = Debug|Any CPU
		{C96B6CBD-601E-4BDB-A3F9-F16C22C748B8}.Release|Any CPU.ActiveCfg = Release|Any CPU
		{C96B6CBD-601E-4BDB-A3F9-F16C22C748B8}.Release|Any CPU.Build.0 = Release|Any CPU
		{5C68D8A3-B000-483F-8A51-EC919F45FC9C}.Debug|Any CPU.ActiveCfg = Debug|Any CPU
		{5C68D8A3-B000-483F-8A51-EC919F45FC9C}.Debug|Any CPU.Build.0 = Debug|Any CPU
		{5C68D8A3-B000-483F-8A51-EC919F45FC9C}.Release|Any CPU.ActiveCfg = Release|Any CPU
		{5C68D8A3-B000-483F-8A51-EC919F45FC9C}.Release|Any CPU.Build.0 = Release|Any CPU
		{26D35185-E00B-4333-8EFE-89C27D14E082}.Debug|Any CPU.ActiveCfg = Debug|Any CPU
		{26D35185-E00B-4333-8EFE-89C27D14E082}.Debug|Any CPU.Build.0 = Debug|Any CPU
		{26D35185-E00B-4333-8EFE-89C27D14E082}.Release|Any CPU.ActiveCfg = Release|Any CPU
		{26D35185-E00B-4333-8EFE-89C27D14E082}.Release|Any CPU.Build.0 = Release|Any CPU
		{ED9F07B0-0A53-40AC-9D05-95CB6AB65773}.Debug|Any CPU.ActiveCfg = Debug|Any CPU
		{ED9F07B0-0A53-40AC-9D05-95CB6AB65773}.Debug|Any CPU.Build.0 = Debug|Any CPU
		{ED9F07B0-0A53-40AC-9D05-95CB6AB65773}.Release|Any CPU.ActiveCfg = Release|Any CPU
		{ED9F07B0-0A53-40AC-9D05-95CB6AB65773}.Release|Any CPU.Build.0 = Release|Any CPU
		{4866501C-54B4-4C35-9756-F7A414E537D1}.Debug|Any CPU.ActiveCfg = Debug|Any CPU
		{4866501C-54B4-4C35-9756-F7A414E537D1}.Debug|Any CPU.Build.0 = Debug|Any CPU
		{4866501C-54B4-4C35-9756-F7A414E537D1}.Release|Any CPU.ActiveCfg = Release|Any CPU
		{4866501C-54B4-4C35-9756-F7A414E537D1}.Release|Any CPU.Build.0 = Release|Any CPU
		{333D1887-9CF0-4791-A5D0-4DD66CDFFFA9}.Debug|Any CPU.ActiveCfg = Debug|Any CPU
		{333D1887-9CF0-4791-A5D0-4DD66CDFFFA9}.Debug|Any CPU.Build.0 = Debug|Any CPU
		{333D1887-9CF0-4791-A5D0-4DD66CDFFFA9}.Release|Any CPU.ActiveCfg = Release|Any CPU
		{333D1887-9CF0-4791-A5D0-4DD66CDFFFA9}.Release|Any CPU.Build.0 = Release|Any CPU
		{77B7442E-3021-42C9-88EE-70D3ABAA3424}.Debug|Any CPU.ActiveCfg = Debug|Any CPU
		{77B7442E-3021-42C9-88EE-70D3ABAA3424}.Debug|Any CPU.Build.0 = Debug|Any CPU
		{77B7442E-3021-42C9-88EE-70D3ABAA3424}.Release|Any CPU.ActiveCfg = Release|Any CPU
		{77B7442E-3021-42C9-88EE-70D3ABAA3424}.Release|Any CPU.Build.0 = Release|Any CPU
		{6DC17BA3-C204-40C2-A9B7-93133E0DB708}.Debug|Any CPU.ActiveCfg = Debug|Any CPU
		{6DC17BA3-C204-40C2-A9B7-93133E0DB708}.Debug|Any CPU.Build.0 = Debug|Any CPU
		{6DC17BA3-C204-40C2-A9B7-93133E0DB708}.Release|Any CPU.ActiveCfg = Release|Any CPU
		{6DC17BA3-C204-40C2-A9B7-93133E0DB708}.Release|Any CPU.Build.0 = Release|Any CPU
		{2AE3E6A3-9800-4CC5-98AC-D4E3F8CDD5DE}.Debug|Any CPU.ActiveCfg = Debug|Any CPU
		{2AE3E6A3-9800-4CC5-98AC-D4E3F8CDD5DE}.Debug|Any CPU.Build.0 = Debug|Any CPU
		{2AE3E6A3-9800-4CC5-98AC-D4E3F8CDD5DE}.Release|Any CPU.ActiveCfg = Release|Any CPU
		{2AE3E6A3-9800-4CC5-98AC-D4E3F8CDD5DE}.Release|Any CPU.Build.0 = Release|Any CPU
		{58C948E7-88EE-4629-AFB7-7898EF7E9B39}.Debug|Any CPU.ActiveCfg = Debug|Any CPU
		{58C948E7-88EE-4629-AFB7-7898EF7E9B39}.Debug|Any CPU.Build.0 = Debug|Any CPU
		{58C948E7-88EE-4629-AFB7-7898EF7E9B39}.Release|Any CPU.ActiveCfg = Release|Any CPU
		{58C948E7-88EE-4629-AFB7-7898EF7E9B39}.Release|Any CPU.Build.0 = Release|Any CPU
		{44D046BE-FB8F-4311-8912-B83EBCB72548}.Debug|Any CPU.ActiveCfg = Debug|Any CPU
		{44D046BE-FB8F-4311-8912-B83EBCB72548}.Debug|Any CPU.Build.0 = Debug|Any CPU
		{44D046BE-FB8F-4311-8912-B83EBCB72548}.Release|Any CPU.ActiveCfg = Release|Any CPU
		{44D046BE-FB8F-4311-8912-B83EBCB72548}.Release|Any CPU.Build.0 = Release|Any CPU
		{E6F66DC0-934D-49D4-A380-A26955DEE1D8}.Debug|Any CPU.ActiveCfg = Debug|Any CPU
		{E6F66DC0-934D-49D4-A380-A26955DEE1D8}.Debug|Any CPU.Build.0 = Debug|Any CPU
		{E6F66DC0-934D-49D4-A380-A26955DEE1D8}.Release|Any CPU.ActiveCfg = Release|Any CPU
		{E6F66DC0-934D-49D4-A380-A26955DEE1D8}.Release|Any CPU.Build.0 = Release|Any CPU
		{2E761CB6-0265-46CB-A7FE-F34E42A61B36}.Debug|Any CPU.ActiveCfg = Debug|Any CPU
		{2E761CB6-0265-46CB-A7FE-F34E42A61B36}.Debug|Any CPU.Build.0 = Debug|Any CPU
		{2E761CB6-0265-46CB-A7FE-F34E42A61B36}.Release|Any CPU.ActiveCfg = Release|Any CPU
		{2E761CB6-0265-46CB-A7FE-F34E42A61B36}.Release|Any CPU.Build.0 = Release|Any CPU
		{B7B8571F-E383-4EE1-9FCE-207054C46883}.Debug|Any CPU.ActiveCfg = Debug|Any CPU
		{B7B8571F-E383-4EE1-9FCE-207054C46883}.Debug|Any CPU.Build.0 = Debug|Any CPU
		{B7B8571F-E383-4EE1-9FCE-207054C46883}.Release|Any CPU.ActiveCfg = Release|Any CPU
		{B7B8571F-E383-4EE1-9FCE-207054C46883}.Release|Any CPU.Build.0 = Release|Any CPU
		{A41D5EFC-796D-462B-864C-326D4825C46F}.Debug|Any CPU.ActiveCfg = Debug|Any CPU
		{A41D5EFC-796D-462B-864C-326D4825C46F}.Debug|Any CPU.Build.0 = Debug|Any CPU
		{A41D5EFC-796D-462B-864C-326D4825C46F}.Release|Any CPU.ActiveCfg = Release|Any CPU
		{A41D5EFC-796D-462B-864C-326D4825C46F}.Release|Any CPU.Build.0 = Release|Any CPU
		{38C1F2D6-E4B5-4446-AE56-A04058129355}.Debug|Any CPU.ActiveCfg = Debug|Any CPU
		{38C1F2D6-E4B5-4446-AE56-A04058129355}.Debug|Any CPU.Build.0 = Debug|Any CPU
		{38C1F2D6-E4B5-4446-AE56-A04058129355}.Release|Any CPU.ActiveCfg = Release|Any CPU
		{38C1F2D6-E4B5-4446-AE56-A04058129355}.Release|Any CPU.Build.0 = Release|Any CPU
		{501E3B09-9450-4FB7-A947-7A755AA4466C}.Debug|Any CPU.ActiveCfg = Debug|Any CPU
		{501E3B09-9450-4FB7-A947-7A755AA4466C}.Debug|Any CPU.Build.0 = Debug|Any CPU
		{501E3B09-9450-4FB7-A947-7A755AA4466C}.Release|Any CPU.ActiveCfg = Release|Any CPU
		{501E3B09-9450-4FB7-A947-7A755AA4466C}.Release|Any CPU.Build.0 = Release|Any CPU
		{F8262DEE-F763-4B52-852A-69E65C3B08F2}.Debug|Any CPU.ActiveCfg = Debug|Any CPU
		{F8262DEE-F763-4B52-852A-69E65C3B08F2}.Debug|Any CPU.Build.0 = Debug|Any CPU
		{F8262DEE-F763-4B52-852A-69E65C3B08F2}.Release|Any CPU.ActiveCfg = Release|Any CPU
		{F8262DEE-F763-4B52-852A-69E65C3B08F2}.Release|Any CPU.Build.0 = Release|Any CPU
		{90489810-A86F-45FA-86E3-6148F4111967}.Debug|Any CPU.ActiveCfg = Debug|Any CPU
		{90489810-A86F-45FA-86E3-6148F4111967}.Debug|Any CPU.Build.0 = Debug|Any CPU
		{90489810-A86F-45FA-86E3-6148F4111967}.Release|Any CPU.ActiveCfg = Release|Any CPU
		{90489810-A86F-45FA-86E3-6148F4111967}.Release|Any CPU.Build.0 = Release|Any CPU
		{2A22A717-FA69-4B82-82BA-012B9A97236C}.Debug|Any CPU.ActiveCfg = Debug|Any CPU
		{2A22A717-FA69-4B82-82BA-012B9A97236C}.Debug|Any CPU.Build.0 = Debug|Any CPU
		{2A22A717-FA69-4B82-82BA-012B9A97236C}.Release|Any CPU.ActiveCfg = Release|Any CPU
		{2A22A717-FA69-4B82-82BA-012B9A97236C}.Release|Any CPU.Build.0 = Release|Any CPU
		{923B1A3A-151A-4528-9FF1-F323503F8331}.Debug|Any CPU.ActiveCfg = Debug|Any CPU
		{923B1A3A-151A-4528-9FF1-F323503F8331}.Debug|Any CPU.Build.0 = Debug|Any CPU
		{923B1A3A-151A-4528-9FF1-F323503F8331}.Release|Any CPU.ActiveCfg = Release|Any CPU
		{923B1A3A-151A-4528-9FF1-F323503F8331}.Release|Any CPU.Build.0 = Release|Any CPU
		{D91501B8-CCE6-4D18-AF77-68D6CCEF9FB5}.Debug|Any CPU.ActiveCfg = Debug|Any CPU
		{D91501B8-CCE6-4D18-AF77-68D6CCEF9FB5}.Debug|Any CPU.Build.0 = Debug|Any CPU
		{D91501B8-CCE6-4D18-AF77-68D6CCEF9FB5}.Release|Any CPU.ActiveCfg = Release|Any CPU
		{D91501B8-CCE6-4D18-AF77-68D6CCEF9FB5}.Release|Any CPU.Build.0 = Release|Any CPU
		{45688F55-F315-4622-AE3D-6FFB0D56219C}.Debug|Any CPU.ActiveCfg = Debug|Any CPU
		{45688F55-F315-4622-AE3D-6FFB0D56219C}.Debug|Any CPU.Build.0 = Debug|Any CPU
		{45688F55-F315-4622-AE3D-6FFB0D56219C}.Release|Any CPU.ActiveCfg = Release|Any CPU
		{45688F55-F315-4622-AE3D-6FFB0D56219C}.Release|Any CPU.Build.0 = Release|Any CPU
		{4B10C715-4987-4826-85CF-7F19747E8B6C}.Debug|Any CPU.ActiveCfg = Debug|Any CPU
		{4B10C715-4987-4826-85CF-7F19747E8B6C}.Debug|Any CPU.Build.0 = Debug|Any CPU
		{4B10C715-4987-4826-85CF-7F19747E8B6C}.Release|Any CPU.ActiveCfg = Release|Any CPU
		{4B10C715-4987-4826-85CF-7F19747E8B6C}.Release|Any CPU.Build.0 = Release|Any CPU
		{71B0F691-5A0A-483F-8294-79B12804E3C4}.Debug|Any CPU.ActiveCfg = Debug|Any CPU
		{71B0F691-5A0A-483F-8294-79B12804E3C4}.Debug|Any CPU.Build.0 = Debug|Any CPU
		{71B0F691-5A0A-483F-8294-79B12804E3C4}.Release|Any CPU.ActiveCfg = Release|Any CPU
		{71B0F691-5A0A-483F-8294-79B12804E3C4}.Release|Any CPU.Build.0 = Release|Any CPU
		{7149BF55-DF07-443D-B1AB-F98940D62CFE}.Debug|Any CPU.ActiveCfg = Debug|Any CPU
		{7149BF55-DF07-443D-B1AB-F98940D62CFE}.Debug|Any CPU.Build.0 = Debug|Any CPU
		{7149BF55-DF07-443D-B1AB-F98940D62CFE}.Release|Any CPU.ActiveCfg = Release|Any CPU
		{7149BF55-DF07-443D-B1AB-F98940D62CFE}.Release|Any CPU.Build.0 = Release|Any CPU
		{8B2D27BA-E7C8-4B76-815D-D1F82F0AAB53}.Debug|Any CPU.ActiveCfg = Debug|Any CPU
		{8B2D27BA-E7C8-4B76-815D-D1F82F0AAB53}.Debug|Any CPU.Build.0 = Debug|Any CPU
		{8B2D27BA-E7C8-4B76-815D-D1F82F0AAB53}.Release|Any CPU.ActiveCfg = Release|Any CPU
		{8B2D27BA-E7C8-4B76-815D-D1F82F0AAB53}.Release|Any CPU.Build.0 = Release|Any CPU
	EndGlobalSection
	GlobalSection(SolutionProperties) = preSolution
		HideSolutionNode = FALSE
	EndGlobalSection
	GlobalSection(NestedProjects) = preSolution
		{4866501C-54B4-4C35-9756-F7A414E537D1} = {83397C74-DFDC-4858-AF1C-A08A79A6163F}
		{E6F66DC0-934D-49D4-A380-A26955DEE1D8} = {83397C74-DFDC-4858-AF1C-A08A79A6163F}
		{2E761CB6-0265-46CB-A7FE-F34E42A61B36} = {83397C74-DFDC-4858-AF1C-A08A79A6163F}
		{B7B8571F-E383-4EE1-9FCE-207054C46883} = {83397C74-DFDC-4858-AF1C-A08A79A6163F}
		{A41D5EFC-796D-462B-864C-326D4825C46F} = {83397C74-DFDC-4858-AF1C-A08A79A6163F}
		{38C1F2D6-E4B5-4446-AE56-A04058129355} = {83397C74-DFDC-4858-AF1C-A08A79A6163F}
		{501E3B09-9450-4FB7-A947-7A755AA4466C} = {83397C74-DFDC-4858-AF1C-A08A79A6163F}
		{F8262DEE-F763-4B52-852A-69E65C3B08F2} = {83397C74-DFDC-4858-AF1C-A08A79A6163F}
		{4B10C715-4987-4826-85CF-7F19747E8B6C} = {83397C74-DFDC-4858-AF1C-A08A79A6163F}
		{77B7442E-3021-42C9-88EE-70D3ABAA3424} = {1328BC1D-641B-4A9A-9FDD-B25F331C3119}
		{6DC17BA3-C204-40C2-A9B7-93133E0DB708} = {1328BC1D-641B-4A9A-9FDD-B25F331C3119}
		{2AE3E6A3-9800-4CC5-98AC-D4E3F8CDD5DE} = {1328BC1D-641B-4A9A-9FDD-B25F331C3119}
		{F88C9D43-CB0F-4C26-8BF8-38DC516BC9B5} = {68664239-6960-4960-81CF-94513BFE4038}
		{C96B6CBD-601E-4BDB-A3F9-F16C22C748B8} = {68664239-6960-4960-81CF-94513BFE4038}
		{5C68D8A3-B000-483F-8A51-EC919F45FC9C} = {68664239-6960-4960-81CF-94513BFE4038}
		{26D35185-E00B-4333-8EFE-89C27D14E082} = {68664239-6960-4960-81CF-94513BFE4038}
		{ED9F07B0-0A53-40AC-9D05-95CB6AB65773} = {68664239-6960-4960-81CF-94513BFE4038}
		{333D1887-9CF0-4791-A5D0-4DD66CDFFFA9} = {68664239-6960-4960-81CF-94513BFE4038}
		{58C948E7-88EE-4629-AFB7-7898EF7E9B39} = {68664239-6960-4960-81CF-94513BFE4038}
		{44D046BE-FB8F-4311-8912-B83EBCB72548} = {68664239-6960-4960-81CF-94513BFE4038}
		{D91501B8-CCE6-4D18-AF77-68D6CCEF9FB5} = {39EE10D4-61EA-4D18-BD4C-B66DA0FA5EAE}
		{45688F55-F315-4622-AE3D-6FFB0D56219C} = {39EE10D4-61EA-4D18-BD4C-B66DA0FA5EAE}
		{71B0F691-5A0A-483F-8294-79B12804E3C4} = {39EE10D4-61EA-4D18-BD4C-B66DA0FA5EAE}
		{7149BF55-DF07-443D-B1AB-F98940D62CFE} = {39EE10D4-61EA-4D18-BD4C-B66DA0FA5EAE}
		{8B2D27BA-E7C8-4B76-815D-D1F82F0AAB53} = {39EE10D4-61EA-4D18-BD4C-B66DA0FA5EAE}
		{90489810-A86F-45FA-86E3-6148F4111967} = {608A8CF4-F1DC-42BC-87A7-2690155B5367}
		{2A22A717-FA69-4B82-82BA-012B9A97236C} = {608A8CF4-F1DC-42BC-87A7-2690155B5367}
		{923B1A3A-151A-4528-9FF1-F323503F8331} = {608A8CF4-F1DC-42BC-87A7-2690155B5367}
	EndGlobalSection
EndGlobal
